Microsoft Visual Studio Solution File, Format Version 12.00
# Visual Studio Version 16
VisualStudioVersion = 16.0.29304.142
MinimumVisualStudioVersion = 10.0.40219.1
Project("{9A19103F-16F7-4668-BE54-9A1E7A4F7556}") = "Displays.GraphicsLibrary", "Displays.GraphicsLibrary\Displays.GraphicsLibrary.csproj", "{FFF626DC-5727-4C5F-BCF1-ED31C6EA7A28}"
EndProject
Project("{9A19103F-16F7-4668-BE54-9A1E7A4F7556}") = "Displays.WaveShareEPaper", "Displays.WaveShare_ePaper\Displays.WaveShareEPaper.csproj", "{332503A5-E57C-468F-816E-B625604514D3}"
EndProject
Project("{9A19103F-16F7-4668-BE54-9A1E7A4F7556}") = "ePaper", "ePaper\ePaper.csproj", "{7517CF15-2811-4CE2-A6F3-963314CD504F}"
EndProject
Global
	GlobalSection(SolutionConfigurationPlatforms) = preSolution
		Debug|Any CPU = Debug|Any CPU
		Release|Any CPU = Release|Any CPU
	EndGlobalSection
	GlobalSection(ProjectConfigurationPlatforms) = postSolution
		{FFF626DC-5727-4C5F-BCF1-ED31C6EA7A28}.Debug|Any CPU.ActiveCfg = Debug|Any CPU
		{FFF626DC-5727-4C5F-BCF1-ED31C6EA7A28}.Debug|Any CPU.Build.0 = Debug|Any CPU
		{FFF626DC-5727-4C5F-BCF1-ED31C6EA7A28}.Release|Any CPU.ActiveCfg = Release|Any CPU
		{FFF626DC-5727-4C5F-BCF1-ED31C6EA7A28}.Release|Any CPU.Build.0 = Release|Any CPU
		{332503A5-E57C-468F-816E-B625604514D3}.Debug|Any CPU.ActiveCfg = Debug|Any CPU
		{332503A5-E57C-468F-816E-B625604514D3}.Debug|Any CPU.Build.0 = Debug|Any CPU
		{332503A5-E57C-468F-816E-B625604514D3}.Debug|Any CPU.Deploy.0 = Debug|Any CPU
		{332503A5-E57C-468F-816E-B625604514D3}.Release|Any CPU.ActiveCfg = Release|Any CPU
		{332503A5-E57C-468F-816E-B625604514D3}.Release|Any CPU.Build.0 = Release|Any CPU
		{332503A5-E57C-468F-816E-B625604514D3}.Release|Any CPU.Deploy.0 = Release|Any CPU
		{7517CF15-2811-4CE2-A6F3-963314CD504F}.Debug|Any CPU.ActiveCfg = Debug|Any CPU
		{7517CF15-2811-4CE2-A6F3-963314CD504F}.Debug|Any CPU.Build.0 = Debug|Any CPU
		{7517CF15-2811-4CE2-A6F3-963314CD504F}.Debug|Any CPU.Deploy.0 = Debug|Any CPU
		{7517CF15-2811-4CE2-A6F3-963314CD504F}.Release|Any CPU.ActiveCfg = Release|Any CPU
		{7517CF15-2811-4CE2-A6F3-963314CD504F}.Release|Any CPU.Build.0 = Release|Any CPU
		{7517CF15-2811-4CE2-A6F3-963314CD504F}.Release|Any CPU.Deploy.0 = Release|Any CPU
	EndGlobalSection
	GlobalSection(SolutionProperties) = preSolution
		HideSolutionNode = FALSE
	EndGlobalSection
	GlobalSection(ExtensibilityGlobals) = postSolution
		SolutionGuid = {390E0AEA-E790-4D94-A02E-21B7FA83B36F}
	EndGlobalSection
EndGlobal
